
Microsoft Visual Studio Solution File, Format Version 12.00
# Visual Studio Version 17
VisualStudioVersion = 17.2.32630.192
MinimumVisualStudioVersion = 10.0.40219.1
Project("{FAE04EC0-301F-11D3-BF4B-00C04F79EFBC}") = "grafic_lab3", "grafic_lab3\grafic_lab3.csproj", "{9E4FE01A-084B-4477-B2CB-438CF1AC6545}"
EndProject
Global
	GlobalSection(SolutionConfigurationPlatforms) = preSolution
		Debug|Any CPU = Debug|Any CPU
		Release|Any CPU = Release|Any CPU
	EndGlobalSection
	GlobalSection(ProjectConfigurationPlatforms) = postSolution
		{9E4FE01A-084B-4477-B2CB-438CF1AC6545}.Debug|Any CPU.ActiveCfg = Debug|Any CPU
		{9E4FE01A-084B-4477-B2CB-438CF1AC6545}.Debug|Any CPU.Build.0 = Debug|Any CPU
		{9E4FE01A-084B-4477-B2CB-438CF1AC6545}.Release|Any CPU.ActiveCfg = Release|Any CPU
		{9E4FE01A-084B-4477-B2CB-438CF1AC6545}.Release|Any CPU.Build.0 = Release|Any CPU
	EndGlobalSection
	GlobalSection(SolutionProperties) = preSolution
		HideSolutionNode = FALSE
	EndGlobalSection
	GlobalSection(ExtensibilityGlobals) = postSolution
		SolutionGuid = {A9E1372D-E122-4E45-ACC0-4C61E729546A}
	EndGlobalSection
EndGlobal
